
Microsoft Visual Studio Solution File, Format Version 12.00
# Visual Studio Version 16
VisualStudioVersion = 16.0.33529.622
MinimumVisualStudioVersion = 10.0.40219.1
Project("{FAE04EC0-301F-11D3-BF4B-00C04F79EFBC}") = "WWRevitCommands", "WWRevitCommands\WWRevitCommands.csproj", "{9FA80C63-51ED-451D-A5B3-36A640B61B8F}"
EndProject
Global
	GlobalSection(SolutionConfigurationPlatforms) = preSolution
		Debug|Any CPU = Debug|Any CPU
		Release|Any CPU = Release|Any CPU
	EndGlobalSection
	GlobalSection(ProjectConfigurationPlatforms) = postSolution
		{9FA80C63-51ED-451D-A5B3-36A640B61B8F}.Debug|Any CPU.ActiveCfg = Debug|Any CPU
		{9FA80C63-51ED-451D-A5B3-36A640B61B8F}.Debug|Any CPU.Build.0 = Debug|Any CPU
		{9FA80C63-51ED-451D-A5B3-36A640B61B8F}.Release|Any CPU.ActiveCfg = Release|Any CPU
		{9FA80C63-51ED-451D-A5B3-36A640B61B8F}.Release|Any CPU.Build.0 = Release|Any CPU
	EndGlobalSection
	GlobalSection(SolutionProperties) = preSolution
		HideSolutionNode = FALSE
	EndGlobalSection
	GlobalSection(ExtensibilityGlobals) = postSolution
		SolutionGuid = {8244CD65-5CFD-4E98-9FFA-65AEBD9CBA0E}
	EndGlobalSection
EndGlobal
